
Microsoft Visual Studio Solution File, Format Version 12.00
# Visual Studio Version 17
VisualStudioVersion = 17.1.32210.238
MinimumVisualStudioVersion = 10.0.40219.1
Project("{FAE04EC0-301F-11D3-BF4B-00C04F79EFBC}") = "InheritanceTest-final", "InheritanceTest-final\InheritanceTest-final.csproj", "{14353987-9DE2-4BE4-A749-25A3980E29B5}"
EndProject
Global
	GlobalSection(SolutionConfigurationPlatforms) = preSolution
		Debug|Any CPU = Debug|Any CPU
		Release|Any CPU = Release|Any CPU
	EndGlobalSection
	GlobalSection(ProjectConfigurationPlatforms) = postSolution
		{14353987-9DE2-4BE4-A749-25A3980E29B5}.Debug|Any CPU.ActiveCfg = Debug|Any CPU
		{14353987-9DE2-4BE4-A749-25A3980E29B5}.Debug|Any CPU.Build.0 = Debug|Any CPU
		{14353987-9DE2-4BE4-A749-25A3980E29B5}.Release|Any CPU.ActiveCfg = Release|Any CPU
		{14353987-9DE2-4BE4-A749-25A3980E29B5}.Release|Any CPU.Build.0 = Release|Any CPU
	EndGlobalSection
	GlobalSection(SolutionProperties) = preSolution
		HideSolutionNode = FALSE
	EndGlobalSection
	GlobalSection(ExtensibilityGlobals) = postSolution
		SolutionGuid = {2A8AB448-56AF-4DC7-9B39-A799B1EE6D5C}
	EndGlobalSection
EndGlobal
